
Microsoft Visual Studio Solution File, Format Version 12.00
# Visual Studio Version 16
VisualStudioVersion = 16.0.30225.117
MinimumVisualStudioVersion = 10.0.40219.1
Project("{FAE04EC0-301F-11D3-BF4B-00C04F79EFBC}") = "c1001", "c1001\c1001.csproj", "{5F66D4D5-410C-446E-A680-CAF5AE5A2352}"
EndProject
Global
	GlobalSection(SolutionConfigurationPlatforms) = preSolution
		Debug|Any CPU = Debug|Any CPU
		Release|Any CPU = Release|Any CPU
	EndGlobalSection
	GlobalSection(ProjectConfigurationPlatforms) = postSolution
		{5F66D4D5-410C-446E-A680-CAF5AE5A2352}.Debug|Any CPU.ActiveCfg = Debug|Any CPU
		{5F66D4D5-410C-446E-A680-CAF5AE5A2352}.Debug|Any CPU.Build.0 = Debug|Any CPU
		{5F66D4D5-410C-446E-A680-CAF5AE5A2352}.Release|Any CPU.ActiveCfg = Release|Any CPU
		{5F66D4D5-410C-446E-A680-CAF5AE5A2352}.Release|Any CPU.Build.0 = Release|Any CPU
	EndGlobalSection
	GlobalSection(SolutionProperties) = preSolution
		HideSolutionNode = FALSE
	EndGlobalSection
	GlobalSection(ExtensibilityGlobals) = postSolution
		SolutionGuid = {B8282370-C1A9-4CE6-83E7-E802684C3752}
	EndGlobalSection
EndGlobal
